// !$*UTF8*$!
{
	archiveVersion = 1;
	classes = {
	};
	objectVersion = 56;
	objects = {

/* Begin PBXBuildFile section */
		FCBA41812AAE9F65009EF8DC /* AppDelegate.swift in Sources */ = {isa = PBXBuildFile; fileRef = FCBA41802AAE9F65009EF8DC /* AppDelegate.swift */; };
		FCBA41832AAE9F65009EF8DC /* SceneDelegate.swift in Sources */ = {isa = PBXBuildFile; fileRef = FCBA41822AAE9F65009EF8DC /* SceneDelegate.swift */; };
		FCBA41852AAE9F65009EF8DC /* ViewController.swift in Sources */ = {isa = PBXBuildFile; fileRef = FCBA41842AAE9F65009EF8DC /* ViewController.swift */; };
		FCBA41882AAE9F65009EF8DC /* Main.storyboard in Resources */ = {isa = PBXBuildFile; fileRef = FCBA41862AAE9F65009EF8DC /* Main.storyboard */; };
		FCBA418A2AAE9F66009EF8DC /* Assets.xcassets in Resources */ = {isa = PBXBuildFile; fileRef = FCBA41892AAE9F66009EF8DC /* Assets.xcassets */; };
		FCBA418D2AAE9F66009EF8DC /* LaunchScreen.storyboard in Resources */ = {isa = PBXBuildFile; fileRef = FCBA418B2AAE9F66009EF8DC /* LaunchScreen.storyboard */; };
		FCBA41952AAED477009EF8DC /* PropertyDetailViewController.swift in Sources */ = {isa = PBXBuildFile; fileRef = FCBA41942AAED477009EF8DC /* PropertyDetailViewController.swift */; };
		FCBA41992AAF156B009EF8DC /* ReservationViewController.swift in Sources */ = {isa = PBXBuildFile; fileRef = FCBA41982AAF156B009EF8DC /* ReservationViewController.swift */; };
		FCBA419C2AAF1C1D009EF8DC /* FSCalendar in Frameworks */ = {isa = PBXBuildFile; productRef = FCBA419B2AAF1C1D009EF8DC /* FSCalendar */; };
/* End PBXBuildFile section */

/* Begin PBXFileReference section */
		FCBA417D2AAE9F65009EF8DC /* ShareHouseApp.app */ = {isa = PBXFileReference; explicitFileType = wrapper.application; includeInIndex = 0; path = ShareHouseApp.app; sourceTree = BUILT_PRODUCTS_DIR; };
		FCBA41802AAE9F65009EF8DC /* AppDelegate.swift */ = {isa = PBXFileReference; lastKnownFileType = sourcecode.swift; path = AppDelegate.swift; sourceTree = "<group>"; };
		FCBA41822AAE9F65009EF8DC /* SceneDelegate.swift */ = {isa = PBXFileReference; lastKnownFileType = sourcecode.swift; path = SceneDelegate.swift; sourceTree = "<group>"; };
		FCBA41842AAE9F65009EF8DC /* ViewController.swift */ = {isa = PBXFileReference; lastKnownFileType = sourcecode.swift; path = ViewController.swift; sourceTree = "<group>"; };
		FCBA41872AAE9F65009EF8DC /* Base */ = {isa = PBXFileReference; lastKnownFileType = file.storyboard; name = Base; path = Base.lproj/Main.storyboard; sourceTree = "<group>"; };
		FCBA41892AAE9F66009EF8DC /* Assets.xcassets */ = {isa = PBXFileReference; lastKnownFileType = folder.assetcatalog; path = Assets.xcassets; sourceTree = "<group>"; };
		FCBA418C2AAE9F66009EF8DC /* Base */ = {isa = PBXFileReference; lastKnownFileType = file.storyboard; name = Base; path = Base.lproj/LaunchScreen.storyboard; sourceTree = "<group>"; };
		FCBA418E2AAE9F66009EF8DC /* Info.plist */ = {isa = PBXFileReference; lastKnownFileType = text.plist.xml; path = Info.plist; sourceTree = "<group>"; };
		FCBA41942AAED477009EF8DC /* PropertyDetailViewController.swift */ = {isa = PBXFileReference; lastKnownFileType = sourcecode.swift; path = PropertyDetailViewController.swift; sourceTree = "<group>"; };
		FCBA41982AAF156B009EF8DC /* ReservationViewController.swift */ = {isa = PBXFileReference; lastKnownFileType = sourcecode.swift; path = ReservationViewController.swift; sourceTree = "<group>"; };
/* End PBXFileReference section */

/* Begin PBXFrameworksBuildPhase section */
		FCBA417A2AAE9F65009EF8DC /* Frameworks */ = {
			isa = PBXFrameworksBuildPhase;
			buildActionMask = 2147483647;
			files = (
				FCBA419C2AAF1C1D009EF8DC /* FSCalendar in Frameworks */,
			);
			runOnlyForDeploymentPostprocessing = 0;
		};
/* End PBXFrameworksBuildPhase section */

/* Begin PBXGroup section */
		FCBA41742AAE9F65009EF8DC = {
			isa = PBXGroup;
			children = (
				FCBA417F2AAE9F65009EF8DC /* ShareHouseApp */,
				FCBA417E2AAE9F65009EF8DC /* Products */,
			);
			sourceTree = "<group>";
		};
		FCBA417E2AAE9F65009EF8DC /* Products */ = {
			isa = PBXGroup;
			children = (
				FCBA417D2AAE9F65009EF8DC /* ShareHouseApp.app */,
			);
			name = Products;
			sourceTree = "<group>";
		};
		FCBA417F2AAE9F65009EF8DC /* ShareHouseApp */ = {
			isa = PBXGroup;
			children = (
				FCBA41802AAE9F65009EF8DC /* AppDelegate.swift */,
				FCBA41822AAE9F65009EF8DC /* SceneDelegate.swift */,
				FCBA41842AAE9F65009EF8DC /* ViewController.swift */,
				FCBA41982AAF156B009EF8DC /* ReservationViewController.swift */,
				FCBA41942AAED477009EF8DC /* PropertyDetailViewController.swift */,
				FCBA41862AAE9F65009EF8DC /* Main.storyboard */,
				FCBA41892AAE9F66009EF8DC /* Assets.xcassets */,
				FCBA418B2AAE9F66009EF8DC /* LaunchScreen.storyboard */,
				FCBA418E2AAE9F66009EF8DC /* Info.plist */,
			);
			path = ShareHouseApp;
			sourceTree = "<group>";
		};
/* End PBXGroup section */

/* Begin PBXNativeTarget section */
		FCBA417C2AAE9F65009EF8DC /* ShareHouseApp */ = {
			isa = PBXNativeTarget;
			buildConfigurationList = FCBA41912AAE9F66009EF8DC /* Build configuration list for PBXNativeTarget "ShareHouseApp" */;
			buildPhases = (
				FCBA41792AAE9F65009EF8DC /* Sources */,
				FCBA417A2AAE9F65009EF8DC /* Frameworks */,
				FCBA417B2AAE9F65009EF8DC /* Resources */,
			);
			buildRules = (
			);
			dependencies = (
			);
			name = ShareHouseApp;
			packageProductDependencies = (
				FCBA419B2AAF1C1D009EF8DC /* FSCalendar */,
			);
			productName = ShareHouseApp;
			productReference = FCBA417D2AAE9F65009EF8DC /* ShareHouseApp.app */;
			productType = "com.apple.product-type.application";
		};
/* End PBXNativeTarget section */

/* Begin PBXProject section */
		FCBA41752AAE9F65009EF8DC /* Project object */ = {
			isa = PBXProject;
			attributes = {
				BuildIndependentTargetsInParallel = 1;
				LastSwiftUpdateCheck = 1430;
				LastUpgradeCheck = 1430;
				TargetAttributes = {
					FCBA417C2AAE9F65009EF8DC = {
						CreatedOnToolsVersion = 14.3.1;
					};
				};
			};
			buildConfigurationList = FCBA41782AAE9F65009EF8DC /* Build configuration list for PBXProject "ShareHouseApp" */;
			compatibilityVersion = "Xcode 14.0";
			developmentRegion = en;
			hasScannedForEncodings = 0;
			knownRegions = (
				en,
				Base,
			);
			mainGroup = FCBA41742AAE9F65009EF8DC;
			packageReferences = (
				FCBA419A2AAF1C1D009EF8DC /* XCRemoteSwiftPackageReference "FSCalendar" */,
			);
			productRefGroup = FCBA417E2AAE9F65009EF8DC /* Products */;
			projectDirPath = "";
			projectRoot = "";
			targets = (
				FCBA417C2AAE9F65009EF8DC /* ShareHouseApp */,
			);
		};
/* End PBXProject section */

/* Begin PBXResourcesBuildPhase section */
		FCBA417B2AAE9F65009EF8DC /* Resources */ = {
			isa = PBXResourcesBuildPhase;
			buildActionMask = 2147483647;
			files = (
				FCBA418D2AAE9F66009EF8DC /* LaunchScreen.storyboard in Resources */,
				FCBA418A2AAE9F66009EF8DC /* Assets.xcassets in Resources */,
				FCBA41882AAE9F65009EF8DC /* Main.storyboard in Resources */,
			);
			runOnlyForDeploymentPostprocessing = 0;
		};
/* End PBXResourcesBuildPhase section */

/* Begin PBXSourcesBuildPhase section */
		FCBA41792AAE9F65009EF8DC /* Sources */ = {
			isa = PBXSourcesBuildPhase;
			buildActionMask = 2147483647;
			files = (
				FCBA41992AAF156B009EF8DC /* ReservationViewController.swift in Sources */,
				FCBA41952AAED477009EF8DC /* PropertyDetailViewController.swift in Sources */,
				FCBA41852AAE9F65009EF8DC /* ViewController.swift in Sources */,
				FCBA41812AAE9F65009EF8DC /* AppDelegate.swift in Sources */,
				FCBA41832AAE9F65009EF8DC /* SceneDelegate.swift in Sources */,
			);
			runOnlyForDeploymentPostprocessing = 0;
		};
/* End PBXSourcesBuildPhase section */

/* Begin PBXVariantGroup section */
		FCBA41862AAE9F65009EF8DC /* Main.storyboard */ = {
			isa = PBXVariantGroup;
			children = (
				FCBA41872AAE9F65009EF8DC /* Base */,
			);
			name = Main.storyboard;
			sourceTree = "<group>";
		};
		FCBA418B2AAE9F66009EF8DC /* LaunchScreen.storyboard */ = {
			isa = PBXVariantGroup;
			children = (
				FCBA418C2AAE9F66009EF8DC /* Base */,
			);
			name = LaunchScreen.storyboard;
			sourceTree = "<group>";
		};
/* End PBXVariantGroup section */

/* Begin XCBuildConfiguration section */
		FCBA418F2AAE9F66009EF8DC /* Debug */ = {
			isa = XCBuildConfiguration;
			buildSettings = {
				ALWAYS_SEARCH_USER_PATHS = NO;
				CLANG_ANALYZER_NONNULL = YES;
				CLANG_ANALYZER_NUMBER_OBJECT_CONVERSION = YES_AGGRESSIVE;
				CLANG_CXX_LANGUAGE_STANDARD = "gnu++20";
				CLANG_ENABLE_MODULES = YES;
				CLANG_ENABLE_OBJC_ARC = YES;
				CLANG_ENABLE_OBJC_WEAK = YES;
				CLANG_WARN_BLOCK_CAPTURE_AUTORELEASING = YES;
				CLANG_WARN_BOOL_CONVERSION = YES;
				CLANG_WARN_COMMA = YES;
				CLANG_WARN_CONSTANT_CONVERSION = YES;
				CLANG_WARN_DEPRECATED_OBJC_IMPLEMENTATIONS = YES;
				CLANG_WARN_DIRECT_OBJC_ISA_USAGE = YES_ERROR;
				CLANG_WARN_DOCUMENTATION_COMMENTS = YES;
				CLANG_WARN_EMPTY_BODY = YES;
				CLANG_WARN_ENUM_CONVERSION = YES;
				CLANG_WARN_INFINITE_RECURSION = YES;
				CLANG_WARN_INT_CONVERSION = YES;
				CLANG_WARN_NON_LITERAL_NULL_CONVERSION = YES;
				CLANG_WARN_OBJC_IMPLICIT_RETAIN_SELF = YES;
				CLANG_WARN_OBJC_LITERAL_CONVERSION = YES;
				CLANG_WARN_OBJC_ROOT_CLASS = YES_ERROR;
				CLANG_WARN_QUOTED_INCLUDE_IN_FRAMEWORK_HEADER = YES;
				CLANG_WARN_RANGE_LOOP_ANALYSIS = YES;
				CLANG_WARN_STRICT_PROTOTYPES = YES;
				CLANG_WARN_SUSPICIOUS_MOVE = YES;
				CLANG_WARN_UNGUARDED_AVAILABILITY = YES_AGGRESSIVE;
				CLANG_WARN_UNREACHABLE_CODE = YES;
				CLANG_WARN__DUPLICATE_METHOD_MATCH = YES;
				COPY_PHASE_STRIP = NO;
				DEBUG_INFORMATION_FORMAT = dwarf;
				ENABLE_STRICT_OBJC_MSGSEND = YES;
				ENABLE_TESTABILITY = YES;
				GCC_C_LANGUAGE_STANDARD = gnu11;
				GCC_DYNAMIC_NO_PIC = NO;
				GCC_NO_COMMON_BLOCKS = YES;
				GCC_OPTIMIZATION_LEVEL = 0;
				GCC_PREPROCESSOR_DEFINITIONS = (
					"DEBUG=1",
					"$(inherited)",
				);
				GCC_WARN_64_TO_32_BIT_CONVERSION = YES;
				GCC_WARN_ABOUT_RETURN_TYPE = YES_ERROR;
				GCC_WARN_UNDECLARED_SELECTOR = YES;
				GCC_WARN_UNINITIALIZED_AUTOS = YES_AGGRESSIVE;
				GCC_WARN_UNUSED_FUNCTION = YES;
				GCC_WARN_UNUSED_VARIABLE = YES;
				IPHONEOS_DEPLOYMENT_TARGET = 16.4;
				MTL_ENABLE_DEBUG_INFO = INCLUDE_SOURCE;
				MTL_FAST_MATH = YES;
				ONLY_ACTIVE_ARCH = YES;
				SDKROOT = iphoneos;
				SWIFT_ACTIVE_COMPILATION_CONDITIONS = DEBUG;
				SWIFT_OPTIMIZATION_LEVEL = "-Onone";
			};
			name = Debug;
		};
		FCBA41902AAE9F66009EF8DC /* Release */ = {
			isa = XCBuildConfiguration;
			buildSettings = {
				ALWAYS_SEARCH_USER_PATHS = NO;
				CLANG_ANALYZER_NONNULL = YES;
				CLANG_ANALYZER_NUMBER_OBJECT_CONVERSION = YES_AGGRESSIVE;
				CLANG_CXX_LANGUAGE_STANDARD = "gnu++20";
				CLANG_ENABLE_MODULES = YES;
				CLANG_ENABLE_OBJC_ARC = YES;
				CLANG_ENABLE_OBJC_WEAK = YES;
				CLANG_WARN_BLOCK_CAPTURE_AUTORELEASING = YES;
				CLANG_WARN_BOOL_CONVERSION = YES;
				CLANG_WARN_COMMA = YES;
				CLANG_WARN_CONSTANT_CONVERSION = YES;
				CLANG_WARN_DEPRECATED_OBJC_IMPLEMENTATIONS = YES;
				CLANG_WARN_DIRECT_OBJC_ISA_USAGE = YES_ERROR;
				CLANG_WARN_DOCUMENTATION_COMMENTS = YES;
				CLANG_WARN_EMPTY_BODY = YES;
				CLANG_WARN_ENUM_CONVERSION = YES;
				CLANG_WARN_INFINITE_RECURSION = YES;
				CLANG_WARN_INT_CONVERSION = YES;
				CLANG_WARN_NON_LITERAL_NULL_CONVERSION = YES;
				CLANG_WARN_OBJC_IMPLICIT_RETAIN_SELF = YES;
				CLANG_WARN_OBJC_LITERAL_CONVERSION = YES;
				CLANG_WARN_OBJC_ROOT_CLASS = YES_ERROR;
				CLANG_WARN_QUOTED_INCLUDE_IN_FRAMEWORK_HEADER = YES;
				CLANG_WARN_RANGE_LOOP_ANALYSIS = YES;
				CLANG_WARN_STRICT_PROTOTYPES = YES;
				CLANG_WARN_SUSPICIOUS_MOVE = YES;
				CLANG_WARN_UNGUARDED_AVAILABILITY = YES_AGGRESSIVE;
				CLANG_WARN_UNREACHABLE_CODE = YES;
				CLANG_WARN__DUPLICATE_METHOD_MATCH = YES;
				COPY_PHASE_STRIP = NO;
				DEBUG_INFORMATION_FORMAT = "dwarf-with-dsym";
				ENABLE_NS_ASSERTIONS = NO;
				ENABLE_STRICT_OBJC_MSGSEND = YES;
				GCC_C_LANGUAGE_STANDARD = gnu11;
				GCC_NO_COMMON_BLOCKS = YES;
				GCC_WARN_64_TO_32_BIT_CONVERSION = YES;
				GCC_WARN_ABOUT_RETURN_TYPE = YES_ERROR;
				GCC_WARN_UNDECLARED_SELECTOR = YES;
				GCC_WARN_UNINITIALIZED_AUTOS = YES_AGGRESSIVE;
				GCC_WARN_UNUSED_FUNCTION = YES;
				GCC_WARN_UNUSED_VARIABLE = YES;
				IPHONEOS_DEPLOYMENT_TARGET = 16.4;
				MTL_ENABLE_DEBUG_INFO = NO;
				MTL_FAST_MATH = YES;
				SDKROOT = iphoneos;
				SWIFT_COMPILATION_MODE = wholemodule;
				SWIFT_OPTIMIZATION_LEVEL = "-O";
				VALIDATE_PRODUCT = YES;
			};
			name = Release;
		};
		FCBA41922AAE9F66009EF8DC /* Debug */ = {
			isa = XCBuildConfiguration;
			buildSettings = {
				ASSETCATALOG_COMPILER_APPICON_NAME = AppIcon;
				ASSETCATALOG_COMPILER_GLOBAL_ACCENT_COLOR_NAME = AccentColor;
				CODE_SIGN_STYLE = Automatic;
				CURRENT_PROJECT_VERSION = 1;
				DEVELOPMENT_TEAM = 2YUXUWWVGP;
				GENERATE_INFOPLIST_FILE = YES;
				INFOPLIST_FILE = ShareHouseApp/Info.plist;
				INFOPLIST_KEY_UIApplicationSupportsIndirectInputEvents = YES;
				INFOPLIST_KEY_UILaunchStoryboardName = LaunchScreen;
				INFOPLIST_KEY_UIMainStoryboardFile = Main;
				INFOPLIST_KEY_UISupportedInterfaceOrientations_iPad = "UIInterfaceOrientationPortrait UIInterfaceOrientationPortraitUpsideDown UIInterfaceOrientationLandscapeLeft UIInterfaceOrientationLandscapeRight";
				INFOPLIST_KEY_UISupportedInterfaceOrientations_iPhone = "UIInterfaceOrientationPortrait UIInterfaceOrientationLandscapeLeft UIInterfaceOrientationLandscapeRight";
				LD_RUNPATH_SEARCH_PATHS = (
					"$(inherited)",
					"@executable_path/Frameworks",
				);
				MARKETING_VERSION = 1.0;
				PRODUCT_BUNDLE_IDENTIFIER = com.ngosch.ShareHouseApp;
				PRODUCT_NAME = "$(TARGET_NAME)";
				SWIFT_EMIT_LOC_STRINGS = YES;
				SWIFT_VERSION = 5.0;
				TARGETED_DEVICE_FAMILY = "1,2";
			};
			name = Debug;
		};
		FCBA41932AAE9F66009EF8DC /* Release */ = {
			isa = XCBuildConfiguration;
			buildSettings = {
				ASSETCATALOG_COMPILER_APPICON_NAME = AppIcon;
				ASSETCATALOG_COMPILER_GLOBAL_ACCENT_COLOR_NAME = AccentColor;
				CODE_SIGN_STYLE = Automatic;
				CURRENT_PROJECT_VERSION = 1;
				DEVELOPMENT_TEAM = 2YUXUWWVGP;
				GENERATE_INFOPLIST_FILE = YES;
				INFOPLIST_FILE = ShareHouseApp/Info.plist;
				INFOPLIST_KEY_UIApplicationSupportsIndirectInputEvents = YES;
				INFOPLIST_KEY_UILaunchStoryboardName = LaunchScreen;
				INFOPLIST_KEY_UIMainStoryboardFile = Main;
				INFOPLIST_KEY_UISupportedInterfaceOrientations_iPad = "UIInterfaceOrientationPortrait UIInterfaceOrientationPortraitUpsideDown UIInterfaceOrientationLandscapeLeft UIInterfaceOrientationLandscapeRight";
				INFOPLIST_KEY_UISupportedInterfaceOrientations_iPhone = "UIInterfaceOrientationPortrait UIInterfaceOrientationLandscapeLeft UIInterfaceOrientationLandscapeRight";
				LD_RUNPATH_SEARCH_PATHS = (
					"$(inherited)",
					"@executable_path/Frameworks",
				);
				MARKETING_VERSION = 1.0;
				PRODUCT_BUNDLE_IDENTIFIER = com.ngosch.ShareHouseApp;
				PRODUCT_NAME = "$(TARGET_NAME)";
				SWIFT_EMIT_LOC_STRINGS = YES;
				SWIFT_VERSION = 5.0;
				TARGETED_DEVICE_FAMILY = "1,2";
			};
			name = Release;
		};
/* End XCBuildConfiguration section */

/* Begin XCConfigurationList section */
		FCBA41782AAE9F65009EF8DC /* Build configuration list for PBXProject "ShareHouseApp" */ = {
			isa = XCConfigurationList;
			buildConfigurations = (
				FCBA418F2AAE9F66009EF8DC /* Debug */,
				FCBA41902AAE9F66009EF8DC /* Release */,
			);
			defaultConfigurationIsVisible = 0;
			defaultConfigurationName = Release;
		};
		FCBA41912AAE9F66009EF8DC /* Build configuration list for PBXNativeTarget "ShareHouseApp" */ = {
			isa = XCConfigurationList;
			buildConfigurations = (
				FCBA41922AAE9F66009EF8DC /* Debug */,
				FCBA41932AAE9F66009EF8DC /* Release */,
			);
			defaultConfigurationIsVisible = 0;
			defaultConfigurationName = Release;
		};
/* End XCConfigurationList section */

/* Begin XCRemoteSwiftPackageReference section */
		FCBA419A2AAF1C1D009EF8DC /* XCRemoteSwiftPackageReference "FSCalendar" */ = {
			isa = XCRemoteSwiftPackageReference;
			repositoryURL = "https://github.com/WenchaoD/FSCalendar";
			requirement = {
				kind = upToNextMajorVersion;
				minimumVersion = 2.0.0;
			};
		};
/* End XCRemoteSwiftPackageReference section */

/* Begin XCSwiftPackageProductDependency section */
		FCBA419B2AAF1C1D009EF8DC /* FSCalendar */ = {
			isa = XCSwiftPackageProductDependency;
			package = FCBA419A2AAF1C1D009EF8DC /* XCRemoteSwiftPackageReference "FSCalendar" */;
			productName = FSCalendar;
		};
/* End XCSwiftPackageProductDependency section */
	};
	rootObject = FCBA41752AAE9F65009EF8DC /* Project object */;
}
